PODS:
  - FootlessParser (0.4)
  - NorthLayout (4.0.0):
    - FootlessParser (~> 0.4)

DEPENDENCIES:
  - NorthLayout (from `../`)

EXTERNAL SOURCES:
  NorthLayout:
    :path: ../

SPEC CHECKSUMS:
  FootlessParser: 17af528d685057d7a48c3231bbe0a7babb163775
  NorthLayout: 50c3d3af52e55d39dcf9cfdd28218f9a550f5db1

PODFILE CHECKSUM: 6567cbb1359df4e786c293632327df35bca886b8

COCOAPODS: 1.3.1
