PODS:
  - FootlessParser (0.5.2)
  - Nimble (9.2.0)
  - NorthLayout (5.2.0):
    - FootlessParser (~> 0.4)
  - Quick (4.0.0)

DEPENDENCIES:
  - Nimble
  - NorthLayout (from `../`)
  - Quick

SPEC REPOS:
  trunk:
    - FootlessParser
    - Nimble
    - Quick

EXTERNAL SOURCES:
  NorthLayout:
    :path: "../"

SPEC CHECKSUMS:
  FootlessParser: 521916d592fa6cba06cfca6f4b5d4f5a2d49175a
  Nimble: 4f4a345c80b503b3ea13606a4f98405974ee4d0b
  NorthLayout: c8334d5ef6e931a2e85b3149164b96ef5e4a8fb3
  Quick: 6473349e43b9271a8d43839d9ba1c442ed1b7ac4

PODFILE CHECKSUM: 4ffdced0060a31cc072dab63aec135e23e5b4d02

COCOAPODS: 1.10.1
