// !$*UTF8*$!
{
	archiveVersion = 1;
	classes = {
	};
	objectVersion = 46;
	objects = {

/* Begin PBXBuildFile section */
		53C9210F2A609F0F5819DF9D /* Pods_NorthLayout_ios.framework in Frameworks */ = {isa = PBXBuildFile; fileRef = 0EB64A47455F01C1CE5AFB2C /* Pods_NorthLayout_ios.framework */; };
		8819A6E1F63A8F6EF2F29223 /* Pods_NorthLayout_osx.framework in Frameworks */ = {isa = PBXBuildFile; fileRef = ECDD6191A0DB7945348C62DA /* Pods_NorthLayout_osx.framework */; };
		C1B24B89B9722C62A4024211 /* Pods_NorthLayout_ios_Tests.framework in Frameworks */ = {isa = PBXBuildFile; fileRef = 33708E84D3EE23D8E4DCF630 /* Pods_NorthLayout_ios_Tests.framework */; };
		EA36301B1AFE29520015000C /* AppDelegate.swift in Sources */ = {isa = PBXBuildFile; fileRef = EA36301A1AFE29520015000C /* AppDelegate.swift */; };
		EA36301D1AFE29520015000C /* Images.xcassets in Resources */ = {isa = PBXBuildFile; fileRef = EA36301C1AFE29520015000C /* Images.xcassets */; };
		EA3630201AFE29520015000C /* MainMenu.xib in Resources */ = {isa = PBXBuildFile; fileRef = EA36301E1AFE29520015000C /* MainMenu.xib */; };
		EA36302C1AFE29520015000C /* NorthLayout_osxTests.swift in Sources */ = {isa = PBXBuildFile; fileRef = EA36302B1AFE29520015000C /* NorthLayout_osxTests.swift */; };
		EAD9133E1AFE1FDE00F46CB9 /* AppDelegate.swift in Sources */ = {isa = PBXBuildFile; fileRef = EAD9133D1AFE1FDE00F46CB9 /* AppDelegate.swift */; };
		EAD913401AFE1FDE00F46CB9 /* ViewController.swift in Sources */ = {isa = PBXBuildFile; fileRef = EAD9133F1AFE1FDE00F46CB9 /* ViewController.swift */; };
		EAD913451AFE1FDE00F46CB9 /* Images.xcassets in Resources */ = {isa = PBXBuildFile; fileRef = EAD913441AFE1FDE00F46CB9 /* Images.xcassets */; };
		EAD913481AFE1FDE00F46CB9 /* LaunchScreen.xib in Resources */ = {isa = PBXBuildFile; fileRef = EAD913461AFE1FDE00F46CB9 /* LaunchScreen.xib */; };
		EAD913541AFE1FDE00F46CB9 /* NorthLayoutTests.swift in Sources */ = {isa = PBXBuildFile; fileRef = EAD913531AFE1FDE00F46CB9 /* NorthLayoutTests.swift */; };
/* End PBXBuildFile section */

/* Begin PBXContainerItemProxy section */
		EA3630261AFE29520015000C /* PBXContainerItemProxy */ = {
			isa = PBXContainerItemProxy;
			containerPortal = EAD913301AFE1FDE00F46CB9 /* Project object */;
			proxyType = 1;
			remoteGlobalIDString = EA3630151AFE29510015000C;
			remoteInfo = "NorthLayout-osx";
		};
		EAD9134E1AFE1FDE00F46CB9 /* PBXContainerItemProxy */ = {
			isa = PBXContainerItemProxy;
			containerPortal = EAD913301AFE1FDE00F46CB9 /* Project object */;
			proxyType = 1;
			remoteGlobalIDString = EAD913371AFE1FDE00F46CB9;
			remoteInfo = NorthLayout;
		};
/* End PBXContainerItemProxy section */

/* Begin PBXFileReference section */
		0428851EEFEA261B1CA6537F /* Pods-NorthLayout-ios-Tests.release.xcconfig */ = {isa = PBXFileReference; includeInIndex = 1; lastKnownFileType = text.xcconfig; name = "Pods-NorthLayout-ios-Tests.release.xcconfig"; path = "Pods/Target Support Files/Pods-NorthLayout-ios-Tests/Pods-NorthLayout-ios-Tests.release.xcconfig"; sourceTree = "<group>"; };
		0574193051A6449556B6C4D8 /* Pods-NorthLayout-ios.release.xcconfig */ = {isa = PBXFileReference; includeInIndex = 1; lastKnownFileType = text.xcconfig; name = "Pods-NorthLayout-ios.release.xcconfig"; path = "Pods/Target Support Files/Pods-NorthLayout-ios/Pods-NorthLayout-ios.release.xcconfig"; sourceTree = "<group>"; };
		0A096F6E8DF3D4FA86D404A2 /* Pods-NorthLayout-ios.debug.xcconfig */ = {isa = PBXFileReference; includeInIndex = 1; lastKnownFileType = text.xcconfig; name = "Pods-NorthLayout-ios.debug.xcconfig"; path = "Pods/Target Support Files/Pods-NorthLayout-ios/Pods-NorthLayout-ios.debug.xcconfig"; sourceTree = "<group>"; };
		0EB64A47455F01C1CE5AFB2C /* Pods_NorthLayout_ios.framework */ = {isa = PBXFileReference; explicitFileType = wrapper.framework; includeInIndex = 0; path = Pods_NorthLayout_ios.framework; sourceTree = BUILT_PRODUCTS_DIR; };
		17CC710A1E9D5440E059319C /* Pods-NorthLayout-ios-Tests.debug.xcconfig */ = {isa = PBXFileReference; includeInIndex = 1; lastKnownFileType = text.xcconfig; name = "Pods-NorthLayout-ios-Tests.debug.xcconfig"; path = "Pods/Target Support Files/Pods-NorthLayout-ios-Tests/Pods-NorthLayout-ios-Tests.debug.xcconfig"; sourceTree = "<group>"; };
		239A3684533E9F6BC9BE2A4C /* Pods-NorthLayout-osx.debug.xcconfig */ = {isa = PBXFileReference; includeInIndex = 1; lastKnownFileType = text.xcconfig; name = "Pods-NorthLayout-osx.debug.xcconfig"; path = "Pods/Target Support Files/Pods-NorthLayout-osx/Pods-NorthLayout-osx.debug.xcconfig"; sourceTree = "<group>"; };
		33708E84D3EE23D8E4DCF630 /* Pods_NorthLayout_ios_Tests.framework */ = {isa = PBXFileReference; explicitFileType = wrapper.framework; includeInIndex = 0; path = Pods_NorthLayout_ios_Tests.framework; sourceTree = BUILT_PRODUCTS_DIR; };
		41956689D96AFFDD329B7F00 /* Pods-NorthLayout-osx.release.xcconfig */ = {isa = PBXFileReference; includeInIndex = 1; lastKnownFileType = text.xcconfig; name = "Pods-NorthLayout-osx.release.xcconfig"; path = "Pods/Target Support Files/Pods-NorthLayout-osx/Pods-NorthLayout-osx.release.xcconfig"; sourceTree = "<group>"; };
		EA3630161AFE29520015000C /* NorthLayout-osx.app */ = {isa = PBXFileReference; explicitFileType = wrapper.application; includeInIndex = 0; path = "NorthLayout-osx.app"; sourceTree = BUILT_PRODUCTS_DIR; };
		EA3630191AFE29520015000C /* Info.plist */ = {isa = PBXFileReference; lastKnownFileType = text.plist.xml; path = Info.plist; sourceTree = "<group>"; };
		EA36301A1AFE29520015000C /* AppDelegate.swift */ = {isa = PBXFileReference; lastKnownFileType = sourcecode.swift; path = AppDelegate.swift; sourceTree = "<group>"; };
		EA36301C1AFE29520015000C /* Images.xcassets */ = {isa = PBXFileReference; lastKnownFileType = folder.assetcatalog; path = Images.xcassets; sourceTree = "<group>"; };
		EA36301F1AFE29520015000C /* Base */ = {isa = PBXFileReference; lastKnownFileType = file.xib; name = Base; path = Base.lproj/MainMenu.xib; sourceTree = "<group>"; };
		EA3630251AFE29520015000C /* NorthLayout-osx-Tests.xctest */ = {isa = PBXFileReference; explicitFileType = wrapper.cfbundle; includeInIndex = 0; path = "NorthLayout-osx-Tests.xctest"; sourceTree = BUILT_PRODUCTS_DIR; };
		EA36302A1AFE29520015000C /* Info.plist */ = {isa = PBXFileReference; lastKnownFileType = text.plist.xml; path = Info.plist; sourceTree = "<group>"; };
		EA36302B1AFE29520015000C /* NorthLayout_osxTests.swift */ = {isa = PBXFileReference; lastKnownFileType = sourcecode.swift; path = NorthLayout_osxTests.swift; sourceTree = "<group>"; };
		EAD913381AFE1FDE00F46CB9 /* NorthLayout-ios.app */ = {isa = PBXFileReference; explicitFileType = wrapper.application; includeInIndex = 0; path = "NorthLayout-ios.app"; sourceTree = BUILT_PRODUCTS_DIR; };
		EAD9133C1AFE1FDE00F46CB9 /* Info.plist */ = {isa = PBXFileReference; lastKnownFileType = text.plist.xml; path = Info.plist; sourceTree = "<group>"; };
		EAD9133D1AFE1FDE00F46CB9 /* AppDelegate.swift */ = {isa = PBXFileReference; lastKnownFileType = sourcecode.swift; path = AppDelegate.swift; sourceTree = "<group>"; };
		EAD9133F1AFE1FDE00F46CB9 /* ViewController.swift */ = {isa = PBXFileReference; lastKnownFileType = sourcecode.swift; path = ViewController.swift; sourceTree = "<group>"; };
		EAD913441AFE1FDE00F46CB9 /* Images.xcassets */ = {isa = PBXFileReference; lastKnownFileType = folder.assetcatalog; path = Images.xcassets; sourceTree = "<group>"; };
		EAD913471AFE1FDE00F46CB9 /* Base */ = {isa = PBXFileReference; lastKnownFileType = file.xib; name = Base; path = Base.lproj/LaunchScreen.xib; sourceTree = "<group>"; };
		EAD9134D1AFE1FDE00F46CB9 /* NorthLayout-ios-Tests.xctest */ = {isa = PBXFileReference; explicitFileType = wrapper.cfbundle; includeInIndex = 0; path = "NorthLayout-ios-Tests.xctest"; sourceTree = BUILT_PRODUCTS_DIR; };
		EAD913521AFE1FDE00F46CB9 /* Info.plist */ = {isa = PBXFileReference; lastKnownFileType = text.plist.xml; path = Info.plist; sourceTree = "<group>"; };
		EAD913531AFE1FDE00F46CB9 /* NorthLayoutTests.swift */ = {isa = PBXFileReference; lastKnownFileType = sourcecode.swift; path = NorthLayoutTests.swift; sourceTree = "<group>"; };
		ECDD6191A0DB7945348C62DA /* Pods_NorthLayout_osx.framework */ = {isa = PBXFileReference; explicitFileType = wrapper.framework; includeInIndex = 0; path = Pods_NorthLayout_osx.framework; sourceTree = BUILT_PRODUCTS_DIR; };
/* End PBXFileReference section */

/* Begin PBXFrameworksBuildPhase section */
		EA3630131AFE29510015000C /* Frameworks */ = {
			isa = PBXFrameworksBuildPhase;
			buildActionMask = 2147483647;
			files = (
				8819A6E1F63A8F6EF2F29223 /* Pods_NorthLayout_osx.framework in Frameworks */,
			);
			runOnlyForDeploymentPostprocessing = 0;
		};
		EA3630221AFE29520015000C /* Frameworks */ = {
			isa = PBXFrameworksBuildPhase;
			buildActionMask = 2147483647;
			files = (
			);
			runOnlyForDeploymentPostprocessing = 0;
		};
		EAD913351AFE1FDE00F46CB9 /* Frameworks */ = {
			isa = PBXFrameworksBuildPhase;
			buildActionMask = 2147483647;
			files = (
				53C9210F2A609F0F5819DF9D /* Pods_NorthLayout_ios.framework in Frameworks */,
			);
			runOnlyForDeploymentPostprocessing = 0;
		};
		EAD9134A1AFE1FDE00F46CB9 /* Frameworks */ = {
			isa = PBXFrameworksBuildPhase;
			buildActionMask = 2147483647;
			files = (
				C1B24B89B9722C62A4024211 /* Pods_NorthLayout_ios_Tests.framework in Frameworks */,
			);
			runOnlyForDeploymentPostprocessing = 0;
		};
/* End PBXFrameworksBuildPhase section */

/* Begin PBXGroup section */
		315B04B77FF3B5C1001672FA /* Pods */ = {
			isa = PBXGroup;
			children = (
				0A096F6E8DF3D4FA86D404A2 /* Pods-NorthLayout-ios.debug.xcconfig */,
				0574193051A6449556B6C4D8 /* Pods-NorthLayout-ios.release.xcconfig */,
				239A3684533E9F6BC9BE2A4C /* Pods-NorthLayout-osx.debug.xcconfig */,
				41956689D96AFFDD329B7F00 /* Pods-NorthLayout-osx.release.xcconfig */,
				17CC710A1E9D5440E059319C /* Pods-NorthLayout-ios-Tests.debug.xcconfig */,
				0428851EEFEA261B1CA6537F /* Pods-NorthLayout-ios-Tests.release.xcconfig */,
			);
			name = Pods;
			sourceTree = "<group>";
		};
		B79757F2DB1C0B0D1CC80D9C /* Frameworks */ = {
			isa = PBXGroup;
			children = (
				0EB64A47455F01C1CE5AFB2C /* Pods_NorthLayout_ios.framework */,
				ECDD6191A0DB7945348C62DA /* Pods_NorthLayout_osx.framework */,
				33708E84D3EE23D8E4DCF630 /* Pods_NorthLayout_ios_Tests.framework */,
			);
			name = Frameworks;
			sourceTree = "<group>";
		};
		EA3630171AFE29520015000C /* NorthLayout-osx */ = {
			isa = PBXGroup;
			children = (
				EA36301A1AFE29520015000C /* AppDelegate.swift */,
				EA36301C1AFE29520015000C /* Images.xcassets */,
				EA36301E1AFE29520015000C /* MainMenu.xib */,
				EA3630181AFE29520015000C /* Supporting Files */,
			);
			path = "NorthLayout-osx";
			sourceTree = "<group>";
		};
		EA3630181AFE29520015000C /* Supporting Files */ = {
			isa = PBXGroup;
			children = (
				EA3630191AFE29520015000C /* Info.plist */,
			);
			name = "Supporting Files";
			sourceTree = "<group>";
		};
		EA3630281AFE29520015000C /* NorthLayout-osx-Tests */ = {
			isa = PBXGroup;
			children = (
				EA36302B1AFE29520015000C /* NorthLayout_osxTests.swift */,
				EA3630291AFE29520015000C /* Supporting Files */,
			);
			path = "NorthLayout-osx-Tests";
			sourceTree = "<group>";
		};
		EA3630291AFE29520015000C /* Supporting Files */ = {
			isa = PBXGroup;
			children = (
				EA36302A1AFE29520015000C /* Info.plist */,
			);
			name = "Supporting Files";
			sourceTree = "<group>";
		};
		EAD9132F1AFE1FDE00F46CB9 = {
			isa = PBXGroup;
			children = (
				EAD9133A1AFE1FDE00F46CB9 /* NorthLayout-ios */,
				EAD913501AFE1FDE00F46CB9 /* NorthLayout-ios-Tests */,
				EA3630171AFE29520015000C /* NorthLayout-osx */,
				EA3630281AFE29520015000C /* NorthLayout-osx-Tests */,
				EAD913391AFE1FDE00F46CB9 /* Products */,
				315B04B77FF3B5C1001672FA /* Pods */,
				B79757F2DB1C0B0D1CC80D9C /* Frameworks */,
			);
			sourceTree = "<group>";
		};
		EAD913391AFE1FDE00F46CB9 /* Products */ = {
			isa = PBXGroup;
			children = (
				EAD913381AFE1FDE00F46CB9 /* NorthLayout-ios.app */,
				EAD9134D1AFE1FDE00F46CB9 /* NorthLayout-ios-Tests.xctest */,
				EA3630161AFE29520015000C /* NorthLayout-osx.app */,
				EA3630251AFE29520015000C /* NorthLayout-osx-Tests.xctest */,
			);
			name = Products;
			sourceTree = "<group>";
		};
		EAD9133A1AFE1FDE00F46CB9 /* NorthLayout-ios */ = {
			isa = PBXGroup;
			children = (
				EAD9133D1AFE1FDE00F46CB9 /* AppDelegate.swift */,
				EAD9133F1AFE1FDE00F46CB9 /* ViewController.swift */,
				EAD913441AFE1FDE00F46CB9 /* Images.xcassets */,
				EAD913461AFE1FDE00F46CB9 /* LaunchScreen.xib */,
				EAD9133B1AFE1FDE00F46CB9 /* Supporting Files */,
			);
			path = "NorthLayout-ios";
			sourceTree = "<group>";
		};
		EAD9133B1AFE1FDE00F46CB9 /* Supporting Files */ = {
			isa = PBXGroup;
			children = (
				EAD9133C1AFE1FDE00F46CB9 /* Info.plist */,
			);
			name = "Supporting Files";
			sourceTree = "<group>";
		};
		EAD913501AFE1FDE00F46CB9 /* NorthLayout-ios-Tests */ = {
			isa = PBXGroup;
			children = (
				EAD913531AFE1FDE00F46CB9 /* NorthLayoutTests.swift */,
				EAD913511AFE1FDE00F46CB9 /* Supporting Files */,
			);
			path = "NorthLayout-ios-Tests";
			sourceTree = "<group>";
		};
		EAD913511AFE1FDE00F46CB9 /* Supporting Files */ = {
			isa = PBXGroup;
			children = (
				EAD913521AFE1FDE00F46CB9 /* Info.plist */,
			);
			name = "Supporting Files";
			sourceTree = "<group>";
		};
/* End PBXGroup section */

/* Begin PBXNativeTarget section */
		EA3630151AFE29510015000C /* NorthLayout-osx */ = {
			isa = PBXNativeTarget;
			buildConfigurationList = EA36302D1AFE29520015000C /* Build configuration list for PBXNativeTarget "NorthLayout-osx" */;
			buildPhases = (
				CFD33987A63FDB9475366573 /* [CP] Check Pods Manifest.lock */,
				EA3630121AFE29510015000C /* Sources */,
				EA3630131AFE29510015000C /* Frameworks */,
				EA3630141AFE29510015000C /* Resources */,
				891BBD7D8639FF2B33C5570E /* [CP] Embed Pods Frameworks */,
				A6B21C2852BB9BC85BEF8612 /* [CP] Copy Pods Resources */,
			);
			buildRules = (
			);
			dependencies = (
			);
			name = "NorthLayout-osx";
			productName = "NorthLayout-osx";
			productReference = EA3630161AFE29520015000C /* NorthLayout-osx.app */;
			productType = "com.apple.product-type.application";
		};
		EA3630241AFE29520015000C /* NorthLayout-osx-Tests */ = {
			isa = PBXNativeTarget;
			buildConfigurationList = EA3630301AFE29520015000C /* Build configuration list for PBXNativeTarget "NorthLayout-osx-Tests" */;
			buildPhases = (
				EA3630211AFE29520015000C /* Sources */,
				EA3630221AFE29520015000C /* Frameworks */,
				EA3630231AFE29520015000C /* Resources */,
			);
			buildRules = (
			);
			dependencies = (
				EA3630271AFE29520015000C /* PBXTargetDependency */,
			);
			name = "NorthLayout-osx-Tests";
			productName = "NorthLayout-osxTests";
			productReference = EA3630251AFE29520015000C /* NorthLayout-osx-Tests.xctest */;
			productType = "com.apple.product-type.bundle.unit-test";
		};
		EAD913371AFE1FDE00F46CB9 /* NorthLayout-ios */ = {
			isa = PBXNativeTarget;
			buildConfigurationList = EAD913571AFE1FDE00F46CB9 /* Build configuration list for PBXNativeTarget "NorthLayout-ios" */;
			buildPhases = (
				A9E9F83B2BC18E8C9A091477 /* [CP] Check Pods Manifest.lock */,
				EAD913341AFE1FDE00F46CB9 /* Sources */,
				EAD913351AFE1FDE00F46CB9 /* Frameworks */,
				EAD913361AFE1FDE00F46CB9 /* Resources */,
				BCEB559B4F3289A921F0CFA2 /* [CP] Embed Pods Frameworks */,
				084B8F766A4F869DDC32949D /* [CP] Copy Pods Resources */,
			);
			buildRules = (
			);
			dependencies = (
			);
			name = "NorthLayout-ios";
			productName = NorthLayout;
			productReference = EAD913381AFE1FDE00F46CB9 /* NorthLayout-ios.app */;
			productType = "com.apple.product-type.application";
		};
		EAD9134C1AFE1FDE00F46CB9 /* NorthLayout-ios-Tests */ = {
			isa = PBXNativeTarget;
			buildConfigurationList = EAD9135A1AFE1FDE00F46CB9 /* Build configuration list for PBXNativeTarget "NorthLayout-ios-Tests" */;
			buildPhases = (
				A9943AC35B03FA98ABE6A657 /* [CP] Check Pods Manifest.lock */,
				EAD913491AFE1FDE00F46CB9 /* Sources */,
				EAD9134A1AFE1FDE00F46CB9 /* Frameworks */,
				EAD9134B1AFE1FDE00F46CB9 /* Resources */,
				D0BB257120FB81A0B507D810 /* [CP] Embed Pods Frameworks */,
				748FBA464FF5927467BF9C7A /* [CP] Copy Pods Resources */,
			);
			buildRules = (
			);
			dependencies = (
				EAD9134F1AFE1FDE00F46CB9 /* PBXTargetDependency */,
			);
			name = "NorthLayout-ios-Tests";
			productName = NorthLayoutTests;
			productReference = EAD9134D1AFE1FDE00F46CB9 /* NorthLayout-ios-Tests.xctest */;
			productType = "com.apple.product-type.bundle.unit-test";
		};
/* End PBXNativeTarget section */

/* Begin PBXProject section */
		EAD913301AFE1FDE00F46CB9 /* Project object */ = {
			isa = PBXProject;
			attributes = {
				LastSwiftUpdateCheck = 0700;
				LastUpgradeCheck = 0900;
				ORGANIZATIONNAME = banjun;
				TargetAttributes = {
					EA3630151AFE29510015000C = {
						CreatedOnToolsVersion = 6.3.1;
						LastSwiftMigration = 0900;
					};
					EA3630241AFE29520015000C = {
						CreatedOnToolsVersion = 6.3.1;
						LastSwiftMigration = 0900;
						TestTargetID = EA3630151AFE29510015000C;
					};
					EAD913371AFE1FDE00F46CB9 = {
						CreatedOnToolsVersion = 6.3.1;
						LastSwiftMigration = 0900;
					};
					EAD9134C1AFE1FDE00F46CB9 = {
						CreatedOnToolsVersion = 6.3.1;
						LastSwiftMigration = 0900;
						TestTargetID = EAD913371AFE1FDE00F46CB9;
					};
				};
			};
			buildConfigurationList = EAD913331AFE1FDE00F46CB9 /* Build configuration list for PBXProject "NorthLayout" */;
			compatibilityVersion = "Xcode 3.2";
			developmentRegion = English;
			hasScannedForEncodings = 0;
			knownRegions = (
				en,
				Base,
			);
			mainGroup = EAD9132F1AFE1FDE00F46CB9;
			productRefGroup = EAD913391AFE1FDE00F46CB9 /* Products */;
			projectDirPath = "";
			projectRoot = "";
			targets = (
				EAD913371AFE1FDE00F46CB9 /* NorthLayout-ios */,
				EAD9134C1AFE1FDE00F46CB9 /* NorthLayout-ios-Tests */,
				EA3630151AFE29510015000C /* NorthLayout-osx */,
				EA3630241AFE29520015000C /* NorthLayout-osx-Tests */,
			);
		};
/* End PBXProject section */

/* Begin PBXResourcesBuildPhase section */
		EA3630141AFE29510015000C /* Resources */ = {
			isa = PBXResourcesBuildPhase;
			buildActionMask = 2147483647;
			files = (
				EA36301D1AFE29520015000C /* Images.xcassets in Resources */,
				EA3630201AFE29520015000C /* MainMenu.xib in Resources */,
			);
			runOnlyForDeploymentPostprocessing = 0;
		};
		EA3630231AFE29520015000C /* Resources */ = {
			isa = PBXResourcesBuildPhase;
			buildActionMask = 2147483647;
			files = (
			);
			runOnlyForDeploymentPostprocessing = 0;
		};
		EAD913361AFE1FDE00F46CB9 /* Resources */ = {
			isa = PBXResourcesBuildPhase;
			buildActionMask = 2147483647;
			files = (
				EAD913481AFE1FDE00F46CB9 /* LaunchScreen.xib in Resources */,
				EAD913451AFE1FDE00F46CB9 /* Images.xcassets in Resources */,
			);
			runOnlyForDeploymentPostprocessing = 0;
		};
		EAD9134B1AFE1FDE00F46CB9 /* Resources */ = {
			isa = PBXResourcesBuildPhase;
			buildActionMask = 2147483647;
			files = (
			);
			runOnlyForDeploymentPostprocessing = 0;
		};
/* End PBXResourcesBuildPhase section */

/* Begin PBXShellScriptBuildPhase section */
		084B8F766A4F869DDC32949D /* [CP] Copy Pods Resources */ = {
			isa = PBXShellScriptBuildPhase;
			buildActionMask = 2147483647;
			files = (
			);
			inputPaths = (
			);
			name = "[CP] Copy Pods Resources";
			outputPaths = (
			);
			runOnlyForDeploymentPostprocessing = 0;
			shellPath = /bin/sh;
			shellScript = "\"${SRCROOT}/Pods/Target Support Files/Pods-NorthLayout-ios/Pods-NorthLayout-ios-resources.sh\"\n";
			showEnvVarsInLog = 0;
		};
		748FBA464FF5927467BF9C7A /* [CP] Copy Pods Resources */ = {
			isa = PBXShellScriptBuildPhase;
			buildActionMask = 2147483647;
			files = (
			);
			inputPaths = (
			);
			name = "[CP] Copy Pods Resources";
			outputPaths = (
			);
			runOnlyForDeploymentPostprocessing = 0;
			shellPath = /bin/sh;
			shellScript = "\"${SRCROOT}/Pods/Target Support Files/Pods-NorthLayout-ios-Tests/Pods-NorthLayout-ios-Tests-resources.sh\"\n";
			showEnvVarsInLog = 0;
		};
		891BBD7D8639FF2B33C5570E /* [CP] Embed Pods Frameworks */ = {
			isa = PBXShellScriptBuildPhase;
			buildActionMask = 2147483647;
			files = (
			);
			inputPaths = (
			);
			name = "[CP] Embed Pods Frameworks";
			outputPaths = (
			);
			runOnlyForDeploymentPostprocessing = 0;
			shellPath = /bin/sh;
			shellScript = "\"${SRCROOT}/Pods/Target Support Files/Pods-NorthLayout-osx/Pods-NorthLayout-osx-frameworks.sh\"\n";
			showEnvVarsInLog = 0;
		};
		A6B21C2852BB9BC85BEF8612 /* [CP] Copy Pods Resources */ = {
			isa = PBXShellScriptBuildPhase;
			buildActionMask = 2147483647;
			files = (
			);
			inputPaths = (
			);
			name = "[CP] Copy Pods Resources";
			outputPaths = (
			);
			runOnlyForDeploymentPostprocessing = 0;
			shellPath = /bin/sh;
			shellScript = "\"${SRCROOT}/Pods/Target Support Files/Pods-NorthLayout-osx/Pods-NorthLayout-osx-resources.sh\"\n";
			showEnvVarsInLog = 0;
		};
		A9943AC35B03FA98ABE6A657 /* [CP] Check Pods Manifest.lock */ = {
			isa = PBXShellScriptBuildPhase;
			buildActionMask = 2147483647;
			files = (
			);
			inputPaths = (
			);
			name = "[CP] Check Pods Manifest.lock";
			outputPaths = (
			);
			runOnlyForDeploymentPostprocessing = 0;
			shellPath = /bin/sh;
			shellScript = "diff \"${PODS_PODFILE_DIR_PATH}/Podfile.lock\" \"${PODS_ROOT}/Manifest.lock\" > /dev/null\nif [ $? != 0 ] ; then\n    # print error to STDERR\n    echo \"error: The sandbox is not in sync with the Podfile.lock. Run 'pod install' or update your CocoaPods installation.\" >&2\n    exit 1\nfi\n";
			showEnvVarsInLog = 0;
		};
		A9E9F83B2BC18E8C9A091477 /* [CP] Check Pods Manifest.lock */ = {
			isa = PBXShellScriptBuildPhase;
			buildActionMask = 2147483647;
			files = (
			);
			inputPaths = (
			);
			name = "[CP] Check Pods Manifest.lock";
			outputPaths = (
			);
			runOnlyForDeploymentPostprocessing = 0;
			shellPath = /bin/sh;
			shellScript = "diff \"${PODS_PODFILE_DIR_PATH}/Podfile.lock\" \"${PODS_ROOT}/Manifest.lock\" > /dev/null\nif [ $? != 0 ] ; then\n    # print error to STDERR\n    echo \"error: The sandbox is not in sync with the Podfile.lock. Run 'pod install' or update your CocoaPods installation.\" >&2\n    exit 1\nfi\n";
			showEnvVarsInLog = 0;
		};
		BCEB559B4F3289A921F0CFA2 /* [CP] Embed Pods Frameworks */ = {
			isa = PBXShellScriptBuildPhase;
			buildActionMask = 2147483647;
			files = (
			);
			inputPaths = (
			);
			name = "[CP] Embed Pods Frameworks";
			outputPaths = (
			);
			runOnlyForDeploymentPostprocessing = 0;
			shellPath = /bin/sh;
			shellScript = "\"${SRCROOT}/Pods/Target Support Files/Pods-NorthLayout-ios/Pods-NorthLayout-ios-frameworks.sh\"\n";
			showEnvVarsInLog = 0;
		};
		CFD33987A63FDB9475366573 /* [CP] Check Pods Manifest.lock */ = {
			isa = PBXShellScriptBuildPhase;
			buildActionMask = 2147483647;
			files = (
			);
			inputPaths = (
			);
			name = "[CP] Check Pods Manifest.lock";
			outputPaths = (
			);
			runOnlyForDeploymentPostprocessing = 0;
			shellPath = /bin/sh;
			shellScript = "diff \"${PODS_PODFILE_DIR_PATH}/Podfile.lock\" \"${PODS_ROOT}/Manifest.lock\" > /dev/null\nif [ $? != 0 ] ; then\n    # print error to STDERR\n    echo \"error: The sandbox is not in sync with the Podfile.lock. Run 'pod install' or update your CocoaPods installation.\" >&2\n    exit 1\nfi\n";
			showEnvVarsInLog = 0;
		};
		D0BB257120FB81A0B507D810 /* [CP] Embed Pods Frameworks */ = {
			isa = PBXShellScriptBuildPhase;
			buildActionMask = 2147483647;
			files = (
			);
			inputPaths = (
			);
			name = "[CP] Embed Pods Frameworks";
			outputPaths = (
			);
			runOnlyForDeploymentPostprocessing = 0;
			shellPath = /bin/sh;
			shellScript = "\"${SRCROOT}/Pods/Target Support Files/Pods-NorthLayout-ios-Tests/Pods-NorthLayout-ios-Tests-frameworks.sh\"\n";
			showEnvVarsInLog = 0;
		};
/* End PBXShellScriptBuildPhase section */

/* Begin PBXSourcesBuildPhase section */
		EA3630121AFE29510015000C /* Sources */ = {
			isa = PBXSourcesBuildPhase;
			buildActionMask = 2147483647;
			files = (
				EA36301B1AFE29520015000C /* AppDelegate.swift in Sources */,
			);
			runOnlyForDeploymentPostprocessing = 0;
		};
		EA3630211AFE29520015000C /* Sources */ = {
			isa = PBXSourcesBuildPhase;
			buildActionMask = 2147483647;
			files = (
				EA36302C1AFE29520015000C /* NorthLayout_osxTests.swift in Sources */,
			);
			runOnlyForDeploymentPostprocessing = 0;
		};
		EAD913341AFE1FDE00F46CB9 /* Sources */ = {
			isa = PBXSourcesBuildPhase;
			buildActionMask = 2147483647;
			files = (
				EAD913401AFE1FDE00F46CB9 /* ViewController.swift in Sources */,
				EAD9133E1AFE1FDE00F46CB9 /* AppDelegate.swift in Sources */,
			);
			runOnlyForDeploymentPostprocessing = 0;
		};
		EAD913491AFE1FDE00F46CB9 /* Sources */ = {
			isa = PBXSourcesBuildPhase;
			buildActionMask = 2147483647;
			files = (
				EAD913541AFE1FDE00F46CB9 /* NorthLayoutTests.swift in Sources */,
			);
			runOnlyForDeploymentPostprocessing = 0;
		};
/* End PBXSourcesBuildPhase section */

/* Begin PBXTargetDependency section */
		EA3630271AFE29520015000C /* PBXTargetDependency */ = {
			isa = PBXTargetDependency;
			target = EA3630151AFE29510015000C /* NorthLayout-osx */;
			targetProxy = EA3630261AFE29520015000C /* PBXContainerItemProxy */;
		};
		EAD9134F1AFE1FDE00F46CB9 /* PBXTargetDependency */ = {
			isa = PBXTargetDependency;
			target = EAD913371AFE1FDE00F46CB9 /* NorthLayout-ios */;
			targetProxy = EAD9134E1AFE1FDE00F46CB9 /* PBXContainerItemProxy */;
		};
/* End PBXTargetDependency section */

/* Begin PBXVariantGroup section */
		EA36301E1AFE29520015000C /* MainMenu.xib */ = {
			isa = PBXVariantGroup;
			children = (
				EA36301F1AFE29520015000C /* Base */,
			);
			name = MainMenu.xib;
			sourceTree = "<group>";
		};
		EAD913461AFE1FDE00F46CB9 /* LaunchScreen.xib */ = {
			isa = PBXVariantGroup;
			children = (
				EAD913471AFE1FDE00F46CB9 /* Base */,
			);
			name = LaunchScreen.xib;
			sourceTree = "<group>";
		};
/* End PBXVariantGroup section */

/* Begin XCBuildConfiguration section */
		EA36302E1AFE29520015000C /* Debug */ = {
			isa = XCBuildConfiguration;
			baseConfigurationReference = 239A3684533E9F6BC9BE2A4C /* Pods-NorthLayout-osx.debug.xcconfig */;
			buildSettings = {
				ASSETCATALOG_COMPILER_APPICON_NAME = AppIcon;
				"CODE_SIGN_IDENTITY[sdk=macosx*]" = "";
				COMBINE_HIDPI_IMAGES = YES;
				DEBUG_INFORMATION_FORMAT = dwarf;
				GCC_PREPROCESSOR_DEFINITIONS = (
					"DEBUG=1",
					"$(inherited)",
				);
				INFOPLIST_FILE = "NorthLayout-osx/Info.plist";
				LD_RUNPATH_SEARCH_PATHS = "$(inherited) @executable_path/../Frameworks";
				MACOSX_DEPLOYMENT_TARGET = 10.10;
				PRODUCT_BUNDLE_IDENTIFIER = "jp.banjun.$(PRODUCT_NAME:rfc1034identifier)";
				PRODUCT_NAME = "$(TARGET_NAME)";
				PROVISIONING_PROFILE = "";
				SDKROOT = macosx;
				SWIFT_VERSION = 4.0;
			};
			name = Debug;
		};
		EA36302F1AFE29520015000C /* Release */ = {
			isa = XCBuildConfiguration;
			baseConfigurationReference = 41956689D96AFFDD329B7F00 /* Pods-NorthLayout-osx.release.xcconfig */;
			buildSettings = {
				ASSETCATALOG_COMPILER_APPICON_NAME = AppIcon;
				"CODE_SIGN_IDENTITY[sdk=macosx*]" = "";
				COMBINE_HIDPI_IMAGES = YES;
				INFOPLIST_FILE = "NorthLayout-osx/Info.plist";
				LD_RUNPATH_SEARCH_PATHS = "$(inherited) @executable_path/../Frameworks";
				MACOSX_DEPLOYMENT_TARGET = 10.10;
				PRODUCT_BUNDLE_IDENTIFIER = "jp.banjun.$(PRODUCT_NAME:rfc1034identifier)";
				PRODUCT_NAME = "$(TARGET_NAME)";
				PROVISIONING_PROFILE = "";
				SDKROOT = macosx;
				SWIFT_VERSION = 4.0;
			};
			name = Release;
		};
		EA3630311AFE29520015000C /* Debug */ = {
			isa = XCBuildConfiguration;
			buildSettings = {
				BUNDLE_LOADER = "$(TEST_HOST)";
				COMBINE_HIDPI_IMAGES = YES;
				DEBUG_INFORMATION_FORMAT = dwarf;
				FRAMEWORK_SEARCH_PATHS = (
					"$(DEVELOPER_FRAMEWORKS_DIR)",
					"$(inherited)",
				);
				GCC_PREPROCESSOR_DEFINITIONS = (
					"DEBUG=1",
					"$(inherited)",
				);
				INFOPLIST_FILE = "NorthLayout-osx-Tests/Info.plist";
				LD_RUNPATH_SEARCH_PATHS = "$(inherited) @executable_path/../Frameworks @loader_path/../Frameworks";
				MACOSX_DEPLOYMENT_TARGET = 10.10;
				PRODUCT_BUNDLE_IDENTIFIER = "jp.banjun.$(PRODUCT_NAME:rfc1034identifier)";
				PRODUCT_NAME = "$(TARGET_NAME)";
				SDKROOT = macosx;
				SWIFT_VERSION = 4.0;
				TEST_HOST = "$(BUILT_PRODUCTS_DIR)/NorthLayout-osx.app/Contents/MacOS/NorthLayout-osx";
			};
			name = Debug;
		};
		EA3630321AFE29520015000C /* Release */ = {
			isa = XCBuildConfiguration;
			buildSettings = {
				BUNDLE_LOADER = "$(TEST_HOST)";
				COMBINE_HIDPI_IMAGES = YES;
				FRAMEWORK_SEARCH_PATHS = (
					"$(DEVELOPER_FRAMEWORKS_DIR)",
					"$(inherited)",
				);
				INFOPLIST_FILE = "NorthLayout-osx-Tests/Info.plist";
				LD_RUNPATH_SEARCH_PATHS = "$(inherited) @executable_path/../Frameworks @loader_path/../Frameworks";
				MACOSX_DEPLOYMENT_TARGET = 10.10;
				PRODUCT_BUNDLE_IDENTIFIER = "jp.banjun.$(PRODUCT_NAME:rfc1034identifier)";
				PRODUCT_NAME = "$(TARGET_NAME)";
				SDKROOT = macosx;
				SWIFT_VERSION = 4.0;
				TEST_HOST = "$(BUILT_PRODUCTS_DIR)/NorthLayout-osx.app/Contents/MacOS/NorthLayout-osx";
			};
			name = Release;
		};
		EAD913551AFE1FDE00F46CB9 /* Debug */ = {
			isa = XCBuildConfiguration;
			buildSettings = {
				ALWAYS_SEARCH_USER_PATHS = NO;
				CLANG_CXX_LANGUAGE_STANDARD = "gnu++0x";
				CLANG_CXX_LIBRARY = "libc++";
				CLANG_ENABLE_MODULES = YES;
				CLANG_ENABLE_OBJC_ARC = YES;
				CLANG_WARN_BLOCK_CAPTURE_AUTORELEASING = YES;
				CLANG_WARN_BOOL_CONVERSION = YES;
				CLANG_WARN_COMMA = YES;
				CLANG_WARN_CONSTANT_CONVERSION = YES;
				CLANG_WARN_DIRECT_OBJC_ISA_USAGE = YES_ERROR;
				CLANG_WARN_EMPTY_BODY = YES;
				CLANG_WARN_ENUM_CONVERSION = YES;
				CLANG_WARN_INFINITE_RECURSION = YES;
				CLANG_WARN_INT_CONVERSION = YES;
				CLANG_WARN_NON_LITERAL_NULL_CONVERSION = YES;
				CLANG_WARN_OBJC_LITERAL_CONVERSION = YES;
				CLANG_WARN_OBJC_ROOT_CLASS = YES_ERROR;
				CLANG_WARN_RANGE_LOOP_ANALYSIS = YES;
				CLANG_WARN_STRICT_PROTOTYPES = YES;
				CLANG_WARN_SUSPICIOUS_MOVE = YES;
				CLANG_WARN_UNREACHABLE_CODE = YES;
				CLANG_WARN__DUPLICATE_METHOD_MATCH = YES;
				"CODE_SIGN_IDENTITY[sdk=iphoneos*]" = "iPhone Developer";
				COPY_PHASE_STRIP = NO;
				DEBUG_INFORMATION_FORMAT = "dwarf-with-dsym";
				ENABLE_STRICT_OBJC_MSGSEND = YES;
				ENABLE_TESTABILITY = YES;
				GCC_C_LANGUAGE_STANDARD = gnu99;
				GCC_DYNAMIC_NO_PIC = NO;
				GCC_NO_COMMON_BLOCKS = YES;
				GCC_OPTIMIZATION_LEVEL = 0;
				GCC_PREPROCESSOR_DEFINITIONS = (
					"DEBUG=1",
					"$(inherited)",
				);
				GCC_SYMBOLS_PRIVATE_EXTERN = NO;
				GCC_WARN_64_TO_32_BIT_CONVERSION = YES;
				GCC_WARN_ABOUT_RETURN_TYPE = YES_ERROR;
				GCC_WARN_UNDECLARED_SELECTOR = YES;
				GCC_WARN_UNINITIALIZED_AUTOS = YES_AGGRESSIVE;
				GCC_WARN_UNUSED_FUNCTION = YES;
				GCC_WARN_UNUSED_VARIABLE = YES;
				IPHONEOS_DEPLOYMENT_TARGET = 8.0;
				MTL_ENABLE_DEBUG_INFO = YES;
				ONLY_ACTIVE_ARCH = YES;
				SDKROOT = iphoneos;
				SWIFT_OPTIMIZATION_LEVEL = "-Onone";
				TARGETED_DEVICE_FAMILY = "1,2";
			};
			name = Debug;
		};
		EAD913561AFE1FDE00F46CB9 /* Release */ = {
			isa = XCBuildConfiguration;
			buildSettings = {
				ALWAYS_SEARCH_USER_PATHS = NO;
				CLANG_CXX_LANGUAGE_STANDARD = "gnu++0x";
				CLANG_CXX_LIBRARY = "libc++";
				CLANG_ENABLE_MODULES = YES;
				CLANG_ENABLE_OBJC_ARC = YES;
				CLANG_WARN_BLOCK_CAPTURE_AUTORELEASING = YES;
				CLANG_WARN_BOOL_CONVERSION = YES;
				CLANG_WARN_COMMA = YES;
				CLANG_WARN_CONSTANT_CONVERSION = YES;
				CLANG_WARN_DIRECT_OBJC_ISA_USAGE = YES_ERROR;
				CLANG_WARN_EMPTY_BODY = YES;
				CLANG_WARN_ENUM_CONVERSION = YES;
				CLANG_WARN_INFINITE_RECURSION = YES;
				CLANG_WARN_INT_CONVERSION = YES;
				CLANG_WARN_NON_LITERAL_NULL_CONVERSION = YES;
				CLANG_WARN_OBJC_LITERAL_CONVERSION = YES;
				CLANG_WARN_OBJC_ROOT_CLASS = YES_ERROR;
				CLANG_WARN_RANGE_LOOP_ANALYSIS = YES;
				CLANG_WARN_STRICT_PROTOTYPES = YES;
				CLANG_WARN_SUSPICIOUS_MOVE = YES;
				CLANG_WARN_UNREACHABLE_CODE = YES;
				CLANG_WARN__DUPLICATE_METHOD_MATCH = YES;
				"CODE_SIGN_IDENTITY[sdk=iphoneos*]" = "iPhone Developer";
				COPY_PHASE_STRIP = NO;
				DEBUG_INFORMATION_FORMAT = "dwarf-with-dsym";
				ENABLE_NS_ASSERTIONS = NO;
				ENABLE_STRICT_OBJC_MSGSEND = YES;
				GCC_C_LANGUAGE_STANDARD = gnu99;
				GCC_NO_COMMON_BLOCKS = YES;
				GCC_WARN_64_TO_32_BIT_CONVERSION = YES;
				GCC_WARN_ABOUT_RETURN_TYPE = YES_ERROR;
				GCC_WARN_UNDECLARED_SELECTOR = YES;
				GCC_WARN_UNINITIALIZED_AUTOS = YES_AGGRESSIVE;
				GCC_WARN_UNUSED_FUNCTION = YES;
				GCC_WARN_UNUSED_VARIABLE = YES;
				IPHONEOS_DEPLOYMENT_TARGET = 8.0;
				MTL_ENABLE_DEBUG_INFO = NO;
				SDKROOT = iphoneos;
				SWIFT_OPTIMIZATION_LEVEL = "-Owholemodule";
				TARGETED_DEVICE_FAMILY = "1,2";
				VALIDATE_PRODUCT = YES;
			};
			name = Release;
		};
		EAD913581AFE1FDE00F46CB9 /* Debug */ = {
			isa = XCBuildConfiguration;
			baseConfigurationReference = 0A096F6E8DF3D4FA86D404A2 /* Pods-NorthLayout-ios.debug.xcconfig */;
			buildSettings = {
				ASSETCATALOG_COMPILER_APPICON_NAME = AppIcon;
				ENABLE_BITCODE = NO;
				INFOPLIST_FILE = "NorthLayout-ios/Info.plist";
				LD_RUNPATH_SEARCH_PATHS = "$(inherited) @executable_path/Frameworks";
				PRODUCT_BUNDLE_IDENTIFIER = "jp.banjun.$(PRODUCT_NAME:rfc1034identifier)";
				PRODUCT_NAME = "$(TARGET_NAME)";
				SWIFT_VERSION = 4.0;
			};
			name = Debug;
		};
		EAD913591AFE1FDE00F46CB9 /* Release */ = {
			isa = XCBuildConfiguration;
			baseConfigurationReference = 0574193051A6449556B6C4D8 /* Pods-NorthLayout-ios.release.xcconfig */;
			buildSettings = {
				ASSETCATALOG_COMPILER_APPICON_NAME = AppIcon;
				ENABLE_BITCODE = NO;
				INFOPLIST_FILE = "NorthLayout-ios/Info.plist";
				LD_RUNPATH_SEARCH_PATHS = "$(inherited) @executable_path/Frameworks";
				PRODUCT_BUNDLE_IDENTIFIER = "jp.banjun.$(PRODUCT_NAME:rfc1034identifier)";
				PRODUCT_NAME = "$(TARGET_NAME)";
				SWIFT_VERSION = 4.0;
			};
			name = Release;
		};
		EAD9135B1AFE1FDE00F46CB9 /* Debug */ = {
			isa = XCBuildConfiguration;
			baseConfigurationReference = 17CC710A1E9D5440E059319C /* Pods-NorthLayout-ios-Tests.debug.xcconfig */;
			buildSettings = {
				BUNDLE_LOADER = "$(TEST_HOST)";
				GCC_PREPROCESSOR_DEFINITIONS = (
					"DEBUG=1",
					"$(inherited)",
				);
				INFOPLIST_FILE = "NorthLayout-ios-Tests/Info.plist";
				LD_RUNPATH_SEARCH_PATHS = "$(inherited) @executable_path/Frameworks @loader_path/Frameworks";
				PRODUCT_BUNDLE_IDENTIFIER = "jp.banjun.$(PRODUCT_NAME:rfc1034identifier)";
				PRODUCT_NAME = "$(TARGET_NAME)";
				SWIFT_VERSION = 4.0;
				TEST_HOST = "$(BUILT_PRODUCTS_DIR)/NorthLayout-ios.app/NorthLayout-ios";
			};
			name = Debug;
		};
		EAD9135C1AFE1FDE00F46CB9 /* Release */ = {
			isa = XCBuildConfiguration;
			baseConfigurationReference = 0428851EEFEA261B1CA6537F /* Pods-NorthLayout-ios-Tests.release.xcconfig */;
			buildSettings = {
				BUNDLE_LOADER = "$(TEST_HOST)";
				INFOPLIST_FILE = "NorthLayout-ios-Tests/Info.plist";
				LD_RUNPATH_SEARCH_PATHS = "$(inherited) @executable_path/Frameworks @loader_path/Frameworks";
				PRODUCT_BUNDLE_IDENTIFIER = "jp.banjun.$(PRODUCT_NAME:rfc1034identifier)";
				PRODUCT_NAME = "$(TARGET_NAME)";
				SWIFT_VERSION = 4.0;
				TEST_HOST = "$(BUILT_PRODUCTS_DIR)/NorthLayout-ios.app/NorthLayout-ios";
			};
			name = Release;
		};
/* End XCBuildConfiguration section */

/* Begin XCConfigurationList section */
		EA36302D1AFE29520015000C /* Build configuration list for PBXNativeTarget "NorthLayout-osx" */ = {
			isa = XCConfigurationList;
			buildConfigurations = (
				EA36302E1AFE29520015000C /* Debug */,
				EA36302F1AFE29520015000C /* Release */,
			);
			defaultConfigurationIsVisible = 0;
			defaultConfigurationName = Release;
		};
		EA3630301AFE29520015000C /* Build configuration list for PBXNativeTarget "NorthLayout-osx-Tests" */ = {
			isa = XCConfigurationList;
			buildConfigurations = (
				EA3630311AFE29520015000C /* Debug */,
				EA3630321AFE29520015000C /* Release */,
			);
			defaultConfigurationIsVisible = 0;
			defaultConfigurationName = Release;
		};
		EAD913331AFE1FDE00F46CB9 /* Build configuration list for PBXProject "NorthLayout" */ = {
			isa = XCConfigurationList;
			buildConfigurations = (
				EAD913551AFE1FDE00F46CB9 /* Debug */,
				EAD913561AFE1FDE00F46CB9 /* Release */,
			);
			defaultConfigurationIsVisible = 0;
			defaultConfigurationName = Release;
		};
		EAD913571AFE1FDE00F46CB9 /* Build configuration list for PBXNativeTarget "NorthLayout-ios" */ = {
			isa = XCConfigurationList;
			buildConfigurations = (
				EAD913581AFE1FDE00F46CB9 /* Debug */,
				EAD913591AFE1FDE00F46CB9 /* Release */,
			);
			defaultConfigurationIsVisible = 0;
			defaultConfigurationName = Release;
		};
		EAD9135A1AFE1FDE00F46CB9 /* Build configuration list for PBXNativeTarget "NorthLayout-ios-Tests" */ = {
			isa = XCConfigurationList;
			buildConfigurations = (
				EAD9135B1AFE1FDE00F46CB9 /* Debug */,
				EAD9135C1AFE1FDE00F46CB9 /* Release */,
			);
			defaultConfigurationIsVisible = 0;
			defaultConfigurationName = Release;
		};
/* End XCConfigurationList section */
	};
	rootObject = EAD913301AFE1FDE00F46CB9 /* Project object */;
}
